<?xml version="1.0" encoding="utf-8"?>
<Project ToolsVersion="17.0" xmlns="http://schemas.microsoft.com/developer/msbuild/2003">
  <ItemGroup>
    <CustomBuild Include="C:\Users\98938\Desktop\realsense\build\CMakeFiles\a5809ece72649e3d35afb75d34f339c8\INSTALL_force.rule">
      <Filter>CMake Rules</Filter>
    </CustomBuild>
  </ItemGroup>
  <ItemGroup>
    <Filter Include="CMake Rules">
      <UniqueIdentifier>{DE8B322F-47DB-33F4-9FEF-0CD9A121B38C}</UniqueIdentifier>
    </Filter>
  </ItemGroup>
</Project>
