
Microsoft Visual Studio Solution File, Format Version 12.00
# Visual Studio Version 17
Project("{2150E333-8FDC-42A3-9474-1A3956D46DE8}") = "3rd Party", "3rd Party", "{D382C240-D5BC-3026-8B37-B97D35BE2850}"
EndProject
Project("{2150E333-8FDC-42A3-9474-1A3956D46DE8}") = "CMakePredefinedTargets", "CMakePredefinedTargets", "{F8CB0F45-798C-39F8-B693-C4EB1402668B}"
EndProject
Project("{2150E333-8FDC-42A3-9474-1A3956D46DE8}") = "Library", "Library", "{0C37A72A-71A1-30CD-B0C4-A90433872834}"
EndProject
Project("{2150E333-8FDC-42A3-9474-1A3956D46DE8}") = "Tools", "Tools", "{42F31B28-A9C1-3DA8-A528-261D41738316}"
EndProject
Project("{8BC9CEB8-8B4A-11D0-8D11-00A0C91BC942}") = "ALL_BUILD", "ALL_BUILD.vcxproj", "{B7744FFE-A0FD-35E2-81E8-EC7E98297854}"
	ProjectSection(ProjectDependencies) = postProject
		{FE0E7BC8-EAC6-3E1B-ABCF-7D6CC52F88CB} = {FE0E7BC8-EAC6-3E1B-ABCF-7D6CC52F88CB}
		{A49594C2-9D11-3834-9A2E-5A59A6823BFE} = {A49594C2-9D11-3834-9A2E-5A59A6823BFE}
	EndProjectSection
EndProject
Project("{8BC9CEB8-8B4A-11D0-8D11-00A0C91BC942}") = "INSTALL", "INSTALL.vcxproj", "{6055BF97-C263-3BFE-ABA2-6F7EBA47B7ED}"
	ProjectSection(ProjectDependencies) = postProject
		{B7744FFE-A0FD-35E2-81E8-EC7E98297854} = {B7744FFE-A0FD-35E2-81E8-EC7E98297854}
		{FE0E7BC8-EAC6-3E1B-ABCF-7D6CC52F88CB} = {FE0E7BC8-EAC6-3E1B-ABCF-7D6CC52F88CB}
	EndProjectSection
EndProject
Project("{8BC9CEB8-8B4A-11D0-8D11-00A0C91BC942}") = "ZERO_CHECK", "..\..\\ZERO_CHECK.vcxproj", "{FE0E7BC8-EAC6-3E1B-ABCF-7D6CC52F88CB}"
	ProjectSection(ProjectDependencies) = postProject
	EndProjectSection
EndProject
Project("{8BC9CEB8-8B4A-11D0-8D11-00A0C91BC942}") = "glfw", "..\..\third-party\glfw\src\glfw.vcxproj", "{F694DFCC-C071-307B-8C86-05E5A2A51887}"
	ProjectSection(ProjectDependencies) = postProject
		{FE0E7BC8-EAC6-3E1B-ABCF-7D6CC52F88CB} = {FE0E7BC8-EAC6-3E1B-ABCF-7D6CC52F88CB}
	EndProjectSection
EndProject
Project("{8BC9CEB8-8B4A-11D0-8D11-00A0C91BC942}") = "realsense-file", "..\..\third-party\realsense-file\realsense-file.vcxproj", "{E24F0E42-D5D9-3E38-89A0-C560F9EC93CF}"
	ProjectSection(ProjectDependencies) = postProject
		{FE0E7BC8-EAC6-3E1B-ABCF-7D6CC52F88CB} = {FE0E7BC8-EAC6-3E1B-ABCF-7D6CC52F88CB}
	EndProjectSection
EndProject
Project("{8BC9CEB8-8B4A-11D0-8D11-00A0C91BC942}") = "realsense2", "..\..\\realsense2.vcxproj", "{D1232E43-B7FD-3D09-8844-D57573B8688D}"
	ProjectSection(ProjectDependencies) = postProject
		{FE0E7BC8-EAC6-3E1B-ABCF-7D6CC52F88CB} = {FE0E7BC8-EAC6-3E1B-ABCF-7D6CC52F88CB}
		{E24F0E42-D5D9-3E38-89A0-C560F9EC93CF} = {E24F0E42-D5D9-3E38-89A0-C560F9EC93CF}
		{120BDC2E-DD66-343B-9722-18061529593F} = {120BDC2E-DD66-343B-9722-18061529593F}
	EndProjectSection
EndProject
Project("{8BC9CEB8-8B4A-11D0-8D11-00A0C91BC942}") = "realsense2-gl", "..\..\src\gl\realsense2-gl.vcxproj", "{1E7CFE12-C9EB-3ACB-9120-801F58F7BA85}"
	ProjectSection(ProjectDependencies) = postProject
		{FE0E7BC8-EAC6-3E1B-ABCF-7D6CC52F88CB} = {FE0E7BC8-EAC6-3E1B-ABCF-7D6CC52F88CB}
		{F694DFCC-C071-307B-8C86-05E5A2A51887} = {F694DFCC-C071-307B-8C86-05E5A2A51887}
		{E24F0E42-D5D9-3E38-89A0-C560F9EC93CF} = {E24F0E42-D5D9-3E38-89A0-C560F9EC93CF}
		{D1232E43-B7FD-3D09-8844-D57573B8688D} = {D1232E43-B7FD-3D09-8844-D57573B8688D}
		{120BDC2E-DD66-343B-9722-18061529593F} = {120BDC2E-DD66-343B-9722-18061529593F}
	EndProjectSection
EndProject
Project("{8BC9CEB8-8B4A-11D0-8D11-00A0C91BC942}") = "rs-benchmark", "rs-benchmark.vcxproj", "{A49594C2-9D11-3834-9A2E-5A59A6823BFE}"
	ProjectSection(ProjectDependencies) = postProject
		{FE0E7BC8-EAC6-3E1B-ABCF-7D6CC52F88CB} = {FE0E7BC8-EAC6-3E1B-ABCF-7D6CC52F88CB}
		{F694DFCC-C071-307B-8C86-05E5A2A51887} = {F694DFCC-C071-307B-8C86-05E5A2A51887}
		{E24F0E42-D5D9-3E38-89A0-C560F9EC93CF} = {E24F0E42-D5D9-3E38-89A0-C560F9EC93CF}
		{D1232E43-B7FD-3D09-8844-D57573B8688D} = {D1232E43-B7FD-3D09-8844-D57573B8688D}
		{1E7CFE12-C9EB-3ACB-9120-801F58F7BA85} = {1E7CFE12-C9EB-3ACB-9120-801F58F7BA85}
		{120BDC2E-DD66-343B-9722-18061529593F} = {120BDC2E-DD66-343B-9722-18061529593F}
	EndProjectSection
EndProject
Project("{8BC9CEB8-8B4A-11D0-8D11-00A0C91BC942}") = "rsutils", "..\..\third-party\rsutils\rsutils.vcxproj", "{120BDC2E-DD66-343B-9722-18061529593F}"
	ProjectSection(ProjectDependencies) = postProject
		{FE0E7BC8-EAC6-3E1B-ABCF-7D6CC52F88CB} = {FE0E7BC8-EAC6-3E1B-ABCF-7D6CC52F88CB}
	EndProjectSection
EndProject
Global
	GlobalSection(SolutionConfigurationPlatforms) = preSolution
		Debug|x64 = Debug|x64
		Release|x64 = Release|x64
		MinSizeRel|x64 = MinSizeRel|x64
		RelWithDebInfo|x64 = RelWithDebInfo|x64
	EndGlobalSection
	GlobalSection(ProjectConfigurationPlatforms) = postSolution
		{B7744FFE-A0FD-35E2-81E8-EC7E98297854}.Debug|x64.ActiveCfg = Debug|x64
		{B7744FFE-A0FD-35E2-81E8-EC7E98297854}.Debug|x64.Build.0 = Debug|x64
		{B7744FFE-A0FD-35E2-81E8-EC7E98297854}.Release|x64.ActiveCfg = Release|x64
		{B7744FFE-A0FD-35E2-81E8-EC7E98297854}.Release|x64.Build.0 = Release|x64
		{B7744FFE-A0FD-35E2-81E8-EC7E98297854}.MinSizeRel|x64.ActiveCfg = MinSizeRel|x64
		{B7744FFE-A0FD-35E2-81E8-EC7E98297854}.MinSizeRel|x64.Build.0 = MinSizeRel|x64
		{B7744FFE-A0FD-35E2-81E8-EC7E98297854}.RelWithDebInfo|x64.ActiveCfg = RelWithDebInfo|x64
		{B7744FFE-A0FD-35E2-81E8-EC7E98297854}.RelWithDebInfo|x64.Build.0 = RelWithDebInfo|x64
		{6055BF97-C263-3BFE-ABA2-6F7EBA47B7ED}.Debug|x64.ActiveCfg = Debug|x64
		{6055BF97-C263-3BFE-ABA2-6F7EBA47B7ED}.Release|x64.ActiveCfg = Release|x64
		{6055BF97-C263-3BFE-ABA2-6F7EBA47B7ED}.MinSizeRel|x64.ActiveCfg = MinSizeRel|x64
		{6055BF97-C263-3BFE-ABA2-6F7EBA47B7ED}.RelWithDebInfo|x64.ActiveCfg = RelWithDebInfo|x64
		{FE0E7BC8-EAC6-3E1B-ABCF-7D6CC52F88CB}.Debug|x64.ActiveCfg = Debug|x64
		{FE0E7BC8-EAC6-3E1B-ABCF-7D6CC52F88CB}.Debug|x64.Build.0 = Debug|x64
		{FE0E7BC8-EAC6-3E1B-ABCF-7D6CC52F88CB}.Release|x64.ActiveCfg = Release|x64
		{FE0E7BC8-EAC6-3E1B-ABCF-7D6CC52F88CB}.Release|x64.Build.0 = Release|x64
		{FE0E7BC8-EAC6-3E1B-ABCF-7D6CC52F88CB}.MinSizeRel|x64.ActiveCfg = MinSizeRel|x64
		{FE0E7BC8-EAC6-3E1B-ABCF-7D6CC52F88CB}.MinSizeRel|x64.Build.0 = MinSizeRel|x64
		{FE0E7BC8-EAC6-3E1B-ABCF-7D6CC52F88CB}.RelWithDebInfo|x64.ActiveCfg = RelWithDebInfo|x64
		{FE0E7BC8-EAC6-3E1B-ABCF-7D6CC52F88CB}.RelWithDebInfo|x64.Build.0 = RelWithDebInfo|x64
		{F694DFCC-C071-307B-8C86-05E5A2A51887}.Debug|x64.ActiveCfg = Debug|x64
		{F694DFCC-C071-307B-8C86-05E5A2A51887}.Debug|x64.Build.0 = Debug|x64
		{F694DFCC-C071-307B-8C86-05E5A2A51887}.Release|x64.ActiveCfg = Release|x64
		{F694DFCC-C071-307B-8C86-05E5A2A51887}.Release|x64.Build.0 = Release|x64
		{F694DFCC-C071-307B-8C86-05E5A2A51887}.MinSizeRel|x64.ActiveCfg = MinSizeRel|x64
		{F694DFCC-C071-307B-8C86-05E5A2A51887}.MinSizeRel|x64.Build.0 = MinSizeRel|x64
		{F694DFCC-C071-307B-8C86-05E5A2A51887}.RelWithDebInfo|x64.ActiveCfg = RelWithDebInfo|x64
		{F694DFCC-C071-307B-8C86-05E5A2A51887}.RelWithDebInfo|x64.Build.0 = RelWithDebInfo|x64
		{E24F0E42-D5D9-3E38-89A0-C560F9EC93CF}.Debug|x64.ActiveCfg = Debug|x64
		{E24F0E42-D5D9-3E38-89A0-C560F9EC93CF}.Debug|x64.Build.0 = Debug|x64
		{E24F0E42-D5D9-3E38-89A0-C560F9EC93CF}.Release|x64.ActiveCfg = Release|x64
		{E24F0E42-D5D9-3E38-89A0-C560F9EC93CF}.Release|x64.Build.0 = Release|x64
		{E24F0E42-D5D9-3E38-89A0-C560F9EC93CF}.MinSizeRel|x64.ActiveCfg = MinSizeRel|x64
		{E24F0E42-D5D9-3E38-89A0-C560F9EC93CF}.MinSizeRel|x64.Build.0 = MinSizeRel|x64
		{E24F0E42-D5D9-3E38-89A0-C560F9EC93CF}.RelWithDebInfo|x64.ActiveCfg = RelWithDebInfo|x64
		{E24F0E42-D5D9-3E38-89A0-C560F9EC93CF}.RelWithDebInfo|x64.Build.0 = RelWithDebInfo|x64
		{D1232E43-B7FD-3D09-8844-D57573B8688D}.Debug|x64.ActiveCfg = Debug|x64
		{D1232E43-B7FD-3D09-8844-D57573B8688D}.Debug|x64.Build.0 = Debug|x64
		{D1232E43-B7FD-3D09-8844-D57573B8688D}.Release|x64.ActiveCfg = Release|x64
		{D1232E43-B7FD-3D09-8844-D57573B8688D}.Release|x64.Build.0 = Release|x64
		{D1232E43-B7FD-3D09-8844-D57573B8688D}.MinSizeRel|x64.ActiveCfg = MinSizeRel|x64
		{D1232E43-B7FD-3D09-8844-D57573B8688D}.MinSizeRel|x64.Build.0 = MinSizeRel|x64
		{D1232E43-B7FD-3D09-8844-D57573B8688D}.RelWithDebInfo|x64.ActiveCfg = RelWithDebInfo|x64
		{D1232E43-B7FD-3D09-8844-D57573B8688D}.RelWithDebInfo|x64.Build.0 = RelWithDebInfo|x64
		{1E7CFE12-C9EB-3ACB-9120-801F58F7BA85}.Debug|x64.ActiveCfg = Debug|x64
		{1E7CFE12-C9EB-3ACB-9120-801F58F7BA85}.Debug|x64.Build.0 = Debug|x64
		{1E7CFE12-C9EB-3ACB-9120-801F58F7BA85}.Release|x64.ActiveCfg = Release|x64
		{1E7CFE12-C9EB-3ACB-9120-801F58F7BA85}.Release|x64.Build.0 = Release|x64
		{1E7CFE12-C9EB-3ACB-9120-801F58F7BA85}.MinSizeRel|x64.ActiveCfg = MinSizeRel|x64
		{1E7CFE12-C9EB-3ACB-9120-801F58F7BA85}.MinSizeRel|x64.Build.0 = MinSizeRel|x64
		{1E7CFE12-C9EB-3ACB-9120-801F58F7BA85}.RelWithDebInfo|x64.ActiveCfg = RelWithDebInfo|x64
		{1E7CFE12-C9EB-3ACB-9120-801F58F7BA85}.RelWithDebInfo|x64.Build.0 = RelWithDebInfo|x64
		{A49594C2-9D11-3834-9A2E-5A59A6823BFE}.Debug|x64.ActiveCfg = Debug|x64
		{A49594C2-9D11-3834-9A2E-5A59A6823BFE}.Debug|x64.Build.0 = Debug|x64
		{A49594C2-9D11-3834-9A2E-5A59A6823BFE}.Release|x64.ActiveCfg = Release|x64
		{A49594C2-9D11-3834-9A2E-5A59A6823BFE}.Release|x64.Build.0 = Release|x64
		{A49594C2-9D11-3834-9A2E-5A59A6823BFE}.MinSizeRel|x64.ActiveCfg = MinSizeRel|x64
		{A49594C2-9D11-3834-9A2E-5A59A6823BFE}.MinSizeRel|x64.Build.0 = MinSizeRel|x64
		{A49594C2-9D11-3834-9A2E-5A59A6823BFE}.RelWithDebInfo|x64.ActiveCfg = RelWithDebInfo|x64
		{A49594C2-9D11-3834-9A2E-5A59A6823BFE}.RelWithDebInfo|x64.Build.0 = RelWithDebInfo|x64
		{120BDC2E-DD66-343B-9722-18061529593F}.Debug|x64.ActiveCfg = Debug|x64
		{120BDC2E-DD66-343B-9722-18061529593F}.Debug|x64.Build.0 = Debug|x64
		{120BDC2E-DD66-343B-9722-18061529593F}.Release|x64.ActiveCfg = Release|x64
		{120BDC2E-DD66-343B-9722-18061529593F}.Release|x64.Build.0 = Release|x64
		{120BDC2E-DD66-343B-9722-18061529593F}.MinSizeRel|x64.ActiveCfg = MinSizeRel|x64
		{120BDC2E-DD66-343B-9722-18061529593F}.MinSizeRel|x64.Build.0 = MinSizeRel|x64
		{120BDC2E-DD66-343B-9722-18061529593F}.RelWithDebInfo|x64.ActiveCfg = RelWithDebInfo|x64
		{120BDC2E-DD66-343B-9722-18061529593F}.RelWithDebInfo|x64.Build.0 = RelWithDebInfo|x64
	EndGlobalSection
	GlobalSection(NestedProjects) = preSolution
		{F694DFCC-C071-307B-8C86-05E5A2A51887} = {D382C240-D5BC-3026-8B37-B97D35BE2850}
		{B7744FFE-A0FD-35E2-81E8-EC7E98297854} = {F8CB0F45-798C-39F8-B693-C4EB1402668B}
		{6055BF97-C263-3BFE-ABA2-6F7EBA47B7ED} = {F8CB0F45-798C-39F8-B693-C4EB1402668B}
		{FE0E7BC8-EAC6-3E1B-ABCF-7D6CC52F88CB} = {F8CB0F45-798C-39F8-B693-C4EB1402668B}
		{E24F0E42-D5D9-3E38-89A0-C560F9EC93CF} = {0C37A72A-71A1-30CD-B0C4-A90433872834}
		{D1232E43-B7FD-3D09-8844-D57573B8688D} = {0C37A72A-71A1-30CD-B0C4-A90433872834}
		{1E7CFE12-C9EB-3ACB-9120-801F58F7BA85} = {0C37A72A-71A1-30CD-B0C4-A90433872834}
		{120BDC2E-DD66-343B-9722-18061529593F} = {0C37A72A-71A1-30CD-B0C4-A90433872834}
		{A49594C2-9D11-3834-9A2E-5A59A6823BFE} = {42F31B28-A9C1-3DA8-A528-261D41738316}
	EndGlobalSection
	GlobalSection(ExtensibilityGlobals) = postSolution
		SolutionGuid = {9DBC0FF5-7D4D-3FF7-BD05-B95CD0E0B275}
	EndGlobalSection
	GlobalSection(ExtensibilityAddIns) = postSolution
	EndGlobalSection
EndGlobal
