<?xml version="1.0" encoding="utf-8"?>
<Project ToolsVersion="17.0" xmlns="http://schemas.microsoft.com/developer/msbuild/2003">
  <ItemGroup>
    <ClCompile Include="C:\Users\98938\Desktop\realsense\librealsense\tools\recorder\rs-record.cpp">
      <Filter>Source Files</Filter>
    </ClCompile>
  </ItemGroup>
  <ItemGroup>
    <CustomBuild Include="C:\Users\98938\Desktop\realsense\librealsense\tools\recorder\CMakeLists.txt" />
  </ItemGroup>
  <ItemGroup>
    <Filter Include="Source Files">
      <UniqueIdentifier>{1D30A0B4-33F9-3622-87B4-DC4D39F01E1C}</UniqueIdentifier>
    </Filter>
  </ItemGroup>
</Project>
