<?xml version="1.0" encoding="utf-8"?>
<Project ToolsVersion="17.0" xmlns="http://schemas.microsoft.com/developer/msbuild/2003">
  <ItemGroup>
    <CustomBuild Include="C:\Users\98938\Desktop\realsense\build\external-projects\pybind11-download\CMakeFiles\917fbed4b60a686b8de9a035de4abd87\generate.stamp.rule">
      <Filter>CMake Rules</Filter>
    </CustomBuild>
  </ItemGroup>
  <ItemGroup>
    <Filter Include="CMake Rules">
      <UniqueIdentifier>{E344C57B-6958-31B1-BDAD-9C5581BD001C}</UniqueIdentifier>
    </Filter>
  </ItemGroup>
</Project>
